
Microsoft Visual Studio Solution File, Format Version 12.00
# Visual Studio Version 16
VisualStudioVersion = 16.0.30503.244
MinimumVisualStudioVersion = 10.0.40219.1
Project("{FAE04EC0-301F-11D3-BF4B-00C04F79EFBC}") = "Desenare poligon", "Desenare poligon\Desenare poligon.csproj", "{40B1A244-865F-42D1-86FE-CDF479C08D78}"
EndProject
Global
	GlobalSection(SolutionConfigurationPlatforms) = preSolution
		Debug|Any CPU = Debug|Any CPU
		Release|Any CPU = Release|Any CPU
	EndGlobalSection
	GlobalSection(ProjectConfigurationPlatforms) = postSolution
		{40B1A244-865F-42D1-86FE-CDF479C08D78}.Debug|Any CPU.ActiveCfg = Debug|Any CPU
		{40B1A244-865F-42D1-86FE-CDF479C08D78}.Debug|Any CPU.Build.0 = Debug|Any CPU
		{40B1A244-865F-42D1-86FE-CDF479C08D78}.Release|Any CPU.ActiveCfg = Release|Any CPU
		{40B1A244-865F-42D1-86FE-CDF479C08D78}.Release|Any CPU.Build.0 = Release|Any CPU
	EndGlobalSection
	GlobalSection(SolutionProperties) = preSolution
		HideSolutionNode = FALSE
	EndGlobalSection
	GlobalSection(ExtensibilityGlobals) = postSolution
		SolutionGuid = {8DDA718B-B471-42B8-9CDC-3B6CE03D9D5C}
	EndGlobalSection
EndGlobal
