
Microsoft Visual Studio Solution File, Format Version 12.00
# Visual Studio Version 16
VisualStudioVersion = 16.0.30503.244
MinimumVisualStudioVersion = 10.0.40219.1
Project("{FAE04EC0-301F-11D3-BF4B-00C04F79EFBC}") = "Invelitoarea convexa", "Invelitoarea convexa\Invelitoarea convexa.csproj", "{C3DFEAB0-0CA9-422D-8BA0-9E11E4B62C43}"
EndProject
Global
	GlobalSection(SolutionConfigurationPlatforms) = preSolution
		Debug|Any CPU = Debug|Any CPU
		Release|Any CPU = Release|Any CPU
	EndGlobalSection
	GlobalSection(ProjectConfigurationPlatforms) = postSolution
		{C3DFEAB0-0CA9-422D-8BA0-9E11E4B62C43}.Debug|Any CPU.ActiveCfg = Debug|Any CPU
		{C3DFEAB0-0CA9-422D-8BA0-9E11E4B62C43}.Debug|Any CPU.Build.0 = Debug|Any CPU
		{C3DFEAB0-0CA9-422D-8BA0-9E11E4B62C43}.Release|Any CPU.ActiveCfg = Release|Any CPU
		{C3DFEAB0-0CA9-422D-8BA0-9E11E4B62C43}.Release|Any CPU.Build.0 = Release|Any CPU
	EndGlobalSection
	GlobalSection(SolutionProperties) = preSolution
		HideSolutionNode = FALSE
	EndGlobalSection
	GlobalSection(ExtensibilityGlobals) = postSolution
		SolutionGuid = {AE9EBC03-B27D-4EED-B900-C54FA2F494DF}
	EndGlobalSection
EndGlobal
